
Microsoft Visual Studio Solution File, Format Version 12.00
# Visual Studio 15
Project("{FAE04EC0-301F-11D3-BF4B-00C04F79EFBC}") = "Assembly-CSharp", "Assembly-CSharp.csproj", "{DC397FDE-6044-20FA-45EF-C7706B7914DD}"
EndProject
Project("{FAE04EC0-301F-11D3-BF4B-00C04F79EFBC}") = "Assembly-CSharp-Editor", "Assembly-CSharp-Editor.csproj", "{8FE2809F-6819-A87F-4C59-D02FD63A508F}"
EndProject
Global
	GlobalSection(SolutionConfigurationPlatforms) = preSolution
		Debug|Any CPU = Debug|Any CPU
		Release|Any CPU = Release|Any CPU
	EndGlobalSection
	GlobalSection(ProjectConfigurationPlatforms) = postSolution
		{DC397FDE-6044-20FA-45EF-C7706B7914DD}.Debug|Any CPU.ActiveCfg = Debug|Any CPU
		{DC397FDE-6044-20FA-45EF-C7706B7914DD}.Debug|Any CPU.Build.0 = Debug|Any CPU
		{DC397FDE-6044-20FA-45EF-C7706B7914DD}.Release|Any CPU.ActiveCfg = Release|Any CPU
		{DC397FDE-6044-20FA-45EF-C7706B7914DD}.Release|Any CPU.Build.0 = Release|Any CPU
		{8FE2809F-6819-A87F-4C59-D02FD63A508F}.Debug|Any CPU.ActiveCfg = Debug|Any CPU
		{8FE2809F-6819-A87F-4C59-D02FD63A508F}.Debug|Any CPU.Build.0 = Debug|Any CPU
		{8FE2809F-6819-A87F-4C59-D02FD63A508F}.Release|Any CPU.ActiveCfg = Release|Any CPU
		{8FE2809F-6819-A87F-4C59-D02FD63A508F}.Release|Any CPU.Build.0 = Release|Any CPU
	EndGlobalSection
	GlobalSection(SolutionProperties) = preSolution
		HideSolutionNode = FALSE
	EndGlobalSection
EndGlobal
